
Microsoft Visual Studio Solution File, Format Version 12.00
# Visual Studio Version 17
VisualStudioVersion = 17.12.35707.178
MinimumVisualStudioVersion = 10.0.40219.1
Project("{FAE04EC0-301F-11D3-BF4B-00C04F79EFBC}") = "CzechUp.WebApi", "CzechUp.WebApi\CzechUp.WebApi.csproj", "{A5FD8E06-7B58-42DB-A85E-EDCA235465A8}"
EndProject
Project("{FAE04EC0-301F-11D3-BF4B-00C04F79EFBC}") = "CzechUp.EF", "CzechUp.EF\CzechUp.EF.csproj", "{A8BB8D84-AAD2-4811-875D-6EF09D8CF966}"
EndProject
Project("{FAE04EC0-301F-11D3-BF4B-00C04F79EFBC}") = "TranslationHepler", "TranslationHepler\TranslationHepler.csproj", "{091C9865-EA0E-43D2-ABB4-3190FBD6515D}"
EndProject
Project("{FAE04EC0-301F-11D3-BF4B-00C04F79EFBC}") = "CzechUp.Helper", "CzechUp.Helper\CzechUp.Helper.csproj", "{9FA275DB-20D0-49BD-8C1B-94EFF769527D}"
EndProject
Project("{FAE04EC0-301F-11D3-BF4B-00C04F79EFBC}") = "CzechUp.Services", "CzechUp.Services\CzechUp.Services.csproj", "{F31888DF-52B9-453B-87EE-6263D5277E76}"
EndProject
Project("{FAE04EC0-301F-11D3-BF4B-00C04F79EFBC}") = "WordHandler", "WordHandler\WordHandler.csproj", "{B69CEAD7-382D-443C-B401-E951074028AC}"
EndProject
Project("{FAE04EC0-301F-11D3-BF4B-00C04F79EFBC}") = "CzechUp.Tests", "CzechUp.Tests\CzechUp.Tests.csproj", "{29EF5214-6445-43F7-BA5E-DE76BA70141C}"
EndProject
Global
	GlobalSection(SolutionConfigurationPlatforms) = preSolution
		Debug|Any CPU = Debug|Any CPU
		Release|Any CPU = Release|Any CPU
	EndGlobalSection
	GlobalSection(ProjectConfigurationPlatforms) = postSolution
		{A5FD8E06-7B58-42DB-A85E-EDCA235465A8}.Debug|Any CPU.ActiveCfg = Debug|Any CPU
		{A5FD8E06-7B58-42DB-A85E-EDCA235465A8}.Debug|Any CPU.Build.0 = Debug|Any CPU
		{A5FD8E06-7B58-42DB-A85E-EDCA235465A8}.Release|Any CPU.ActiveCfg = Release|Any CPU
		{A5FD8E06-7B58-42DB-A85E-EDCA235465A8}.Release|Any CPU.Build.0 = Release|Any CPU
		{A8BB8D84-AAD2-4811-875D-6EF09D8CF966}.Debug|Any CPU.ActiveCfg = Debug|Any CPU
		{A8BB8D84-AAD2-4811-875D-6EF09D8CF966}.Debug|Any CPU.Build.0 = Debug|Any CPU
		{A8BB8D84-AAD2-4811-875D-6EF09D8CF966}.Release|Any CPU.ActiveCfg = Release|Any CPU
		{A8BB8D84-AAD2-4811-875D-6EF09D8CF966}.Release|Any CPU.Build.0 = Release|Any CPU
		{091C9865-EA0E-43D2-ABB4-3190FBD6515D}.Debug|Any CPU.ActiveCfg = Debug|Any CPU
		{091C9865-EA0E-43D2-ABB4-3190FBD6515D}.Debug|Any CPU.Build.0 = Debug|Any CPU
		{091C9865-EA0E-43D2-ABB4-3190FBD6515D}.Release|Any CPU.ActiveCfg = Release|Any CPU
		{091C9865-EA0E-43D2-ABB4-3190FBD6515D}.Release|Any CPU.Build.0 = Release|Any CPU
		{9FA275DB-20D0-49BD-8C1B-94EFF769527D}.Debug|Any CPU.ActiveCfg = Debug|Any CPU
		{9FA275DB-20D0-49BD-8C1B-94EFF769527D}.Debug|Any CPU.Build.0 = Debug|Any CPU
		{9FA275DB-20D0-49BD-8C1B-94EFF769527D}.Release|Any CPU.ActiveCfg = Release|Any CPU
		{9FA275DB-20D0-49BD-8C1B-94EFF769527D}.Release|Any CPU.Build.0 = Release|Any CPU
		{F31888DF-52B9-453B-87EE-6263D5277E76}.Debug|Any CPU.ActiveCfg = Debug|Any CPU
		{F31888DF-52B9-453B-87EE-6263D5277E76}.Debug|Any CPU.Build.0 = Debug|Any CPU
		{F31888DF-52B9-453B-87EE-6263D5277E76}.Release|Any CPU.ActiveCfg = Release|Any CPU
		{F31888DF-52B9-453B-87EE-6263D5277E76}.Release|Any CPU.Build.0 = Release|Any CPU
		{B69CEAD7-382D-443C-B401-E951074028AC}.Debug|Any CPU.ActiveCfg = Debug|Any CPU
		{B69CEAD7-382D-443C-B401-E951074028AC}.Debug|Any CPU.Build.0 = Debug|Any CPU
		{B69CEAD7-382D-443C-B401-E951074028AC}.Release|Any CPU.ActiveCfg = Release|Any CPU
		{B69CEAD7-382D-443C-B401-E951074028AC}.Release|Any CPU.Build.0 = Release|Any CPU
		{29EF5214-6445-43F7-BA5E-DE76BA70141C}.Debug|Any CPU.ActiveCfg = Debug|Any CPU
		{29EF5214-6445-43F7-BA5E-DE76BA70141C}.Debug|Any CPU.Build.0 = Debug|Any CPU
		{29EF5214-6445-43F7-BA5E-DE76BA70141C}.Release|Any CPU.ActiveCfg = Release|Any CPU
		{29EF5214-6445-43F7-BA5E-DE76BA70141C}.Release|Any CPU.Build.0 = Release|Any CPU
	EndGlobalSection
	GlobalSection(SolutionProperties) = preSolution
		HideSolutionNode = FALSE
	EndGlobalSection
EndGlobal
