
Microsoft Visual Studio Solution File, Format Version 12.00
# Visual Studio Version 17
VisualStudioVersion = 17.12.35707.178
MinimumVisualStudioVersion = 10.0.40219.1
Project("{FAE04EC0-301F-11D3-BF4B-00C04F79EFBC}") = "CzechUp.WebApi", "CzechUp.WebApi\CzechUp.WebApi.csproj", "{A5FD8E06-7B58-42DB-A85E-EDCA235465A8}"
EndProject
Project("{FAE04EC0-301F-11D3-BF4B-00C04F79EFBC}") = "CzechUp.EF", "CzechUp.EF\CzechUp.EF.csproj", "{A8BB8D84-AAD2-4811-875D-6EF09D8CF966}"
EndProject
Project("{FAE04EC0-301F-11D3-BF4B-00C04F79EFBC}") = "TranslationHepler", "TranslationHepler\TranslationHepler.csproj", "{091C9865-EA0E-43D2-ABB4-3190FBD6515D}"
EndProject
Global
	GlobalSection(SolutionConfigurationPlatforms) = preSolution
		Debug|Any CPU = Debug|Any CPU
		Release|Any CPU = Release|Any CPU
	EndGlobalSection
	GlobalSection(ProjectConfigurationPlatforms) = postSolution
		{A5FD8E06-7B58-42DB-A85E-EDCA235465A8}.Debug|Any CPU.ActiveCfg = Debug|Any CPU
		{A5FD8E06-7B58-42DB-A85E-EDCA235465A8}.Debug|Any CPU.Build.0 = Debug|Any CPU
		{A5FD8E06-7B58-42DB-A85E-EDCA235465A8}.Release|Any CPU.ActiveCfg = Release|Any CPU
		{A5FD8E06-7B58-42DB-A85E-EDCA235465A8}.Release|Any CPU.Build.0 = Release|Any CPU
		{A8BB8D84-AAD2-4811-875D-6EF09D8CF966}.Debug|Any CPU.ActiveCfg = Debug|Any CPU
		{A8BB8D84-AAD2-4811-875D-6EF09D8CF966}.Debug|Any CPU.Build.0 = Debug|Any CPU
		{A8BB8D84-AAD2-4811-875D-6EF09D8CF966}.Release|Any CPU.ActiveCfg = Release|Any CPU
		{A8BB8D84-AAD2-4811-875D-6EF09D8CF966}.Release|Any CPU.Build.0 = Release|Any CPU
		{091C9865-EA0E-43D2-ABB4-3190FBD6515D}.Debug|Any CPU.ActiveCfg = Debug|Any CPU
		{091C9865-EA0E-43D2-ABB4-3190FBD6515D}.Debug|Any CPU.Build.0 = Debug|Any CPU
		{091C9865-EA0E-43D2-ABB4-3190FBD6515D}.Release|Any CPU.ActiveCfg = Release|Any CPU
		{091C9865-EA0E-43D2-ABB4-3190FBD6515D}.Release|Any CPU.Build.0 = Release|Any CPU
	EndGlobalSection
	GlobalSection(SolutionProperties) = preSolution
		HideSolutionNode = FALSE
	EndGlobalSection
EndGlobal
